
Microsoft Visual Studio Solution File, Format Version 12.00
# Visual Studio Version 17
VisualStudioVersion = 17.7.34031.279
MinimumVisualStudioVersion = 10.0.40219.1
Project("{9A19103F-16F7-4668-BE54-9A1E7A4F7556}") = "MFC.Domain", "MFC.Domain\MFC.Domain.csproj", "{18D876A1-30B0-478B-88A0-A52635CBFBEF}"
EndProject
Project("{9A19103F-16F7-4668-BE54-9A1E7A4F7556}") = "MFC.Tests", "MFC.Tests\MFC.Tests.csproj", "{FD22CFA3-11F0-43D4-8C22-C89E57E4427E}"
EndProject
Project("{9A19103F-16F7-4668-BE54-9A1E7A4F7556}") = "MFC.Persistence", "MFC.Persistence\MFC.Persistence.csproj", "{28F004BC-106B-407F-A43B-BFA657297A5B}"
EndProject
Project("{9A19103F-16F7-4668-BE54-9A1E7A4F7556}") = "MFC.CmdLine", "MFC.CmdLine\MFC.CmdLine.csproj", "{58A08416-F899-4825-80C2-271C75BA695F}"
EndProject
Project("{9A19103F-16F7-4668-BE54-9A1E7A4F7556}") = "MFC.Api", "MFC.Api\MFC.Api.csproj", "{F86D56F1-FD5B-425C-8A8E-031F6961095C}"
EndProject
Project("{9A19103F-16F7-4668-BE54-9A1E7A4F7556}") = "MFC.Actors", "MFC.Actors\MFC.Actors.csproj", "{6EDBA440-414E-4AD1-AD1C-6931AECA14CB}"
EndProject
Project("{9A19103F-16F7-4668-BE54-9A1E7A4F7556}") = "MFC.Actors.Tests", "MFC.Actors.Tests\MFC.Actors.Tests.csproj", "{84CF5985-F6E3-44F9-9BC0-46D941F25272}"
EndProject
Project("{9A19103F-16F7-4668-BE54-9A1E7A4F7556}") = "MFC.Domain.Tests", "MFC.Domain.Tests\MFC.Domain.Tests.csproj", "{C433001C-9F67-48FC-8B4F-1D3023042C2B}"
EndProject
Global
	GlobalSection(SolutionConfigurationPlatforms) = preSolution
		Debug|Any CPU = Debug|Any CPU
		Release|Any CPU = Release|Any CPU
	EndGlobalSection
	GlobalSection(ProjectConfigurationPlatforms) = postSolution
		{18D876A1-30B0-478B-88A0-A52635CBFBEF}.Debug|Any CPU.ActiveCfg = Debug|Any CPU
		{18D876A1-30B0-478B-88A0-A52635CBFBEF}.Debug|Any CPU.Build.0 = Debug|Any CPU
		{18D876A1-30B0-478B-88A0-A52635CBFBEF}.Release|Any CPU.ActiveCfg = Release|Any CPU
		{18D876A1-30B0-478B-88A0-A52635CBFBEF}.Release|Any CPU.Build.0 = Release|Any CPU
		{FD22CFA3-11F0-43D4-8C22-C89E57E4427E}.Debug|Any CPU.ActiveCfg = Debug|Any CPU
		{FD22CFA3-11F0-43D4-8C22-C89E57E4427E}.Debug|Any CPU.Build.0 = Debug|Any CPU
		{FD22CFA3-11F0-43D4-8C22-C89E57E4427E}.Release|Any CPU.ActiveCfg = Release|Any CPU
		{FD22CFA3-11F0-43D4-8C22-C89E57E4427E}.Release|Any CPU.Build.0 = Release|Any CPU
		{28F004BC-106B-407F-A43B-BFA657297A5B}.Debug|Any CPU.ActiveCfg = Debug|Any CPU
		{28F004BC-106B-407F-A43B-BFA657297A5B}.Debug|Any CPU.Build.0 = Debug|Any CPU
		{28F004BC-106B-407F-A43B-BFA657297A5B}.Release|Any CPU.ActiveCfg = Release|Any CPU
		{28F004BC-106B-407F-A43B-BFA657297A5B}.Release|Any CPU.Build.0 = Release|Any CPU
		{58A08416-F899-4825-80C2-271C75BA695F}.Debug|Any CPU.ActiveCfg = Debug|Any CPU
		{58A08416-F899-4825-80C2-271C75BA695F}.Debug|Any CPU.Build.0 = Debug|Any CPU
		{58A08416-F899-4825-80C2-271C75BA695F}.Release|Any CPU.ActiveCfg = Release|Any CPU
		{58A08416-F899-4825-80C2-271C75BA695F}.Release|Any CPU.Build.0 = Release|Any CPU
		{F86D56F1-FD5B-425C-8A8E-031F6961095C}.Debug|Any CPU.ActiveCfg = Debug|Any CPU
		{F86D56F1-FD5B-425C-8A8E-031F6961095C}.Debug|Any CPU.Build.0 = Debug|Any CPU
		{F86D56F1-FD5B-425C-8A8E-031F6961095C}.Release|Any CPU.ActiveCfg = Release|Any CPU
		{F86D56F1-FD5B-425C-8A8E-031F6961095C}.Release|Any CPU.Build.0 = Release|Any CPU
		{6EDBA440-414E-4AD1-AD1C-6931AECA14CB}.Debug|Any CPU.ActiveCfg = Debug|Any CPU
		{6EDBA440-414E-4AD1-AD1C-6931AECA14CB}.Debug|Any CPU.Build.0 = Debug|Any CPU
		{6EDBA440-414E-4AD1-AD1C-6931AECA14CB}.Release|Any CPU.ActiveCfg = Release|Any CPU
		{6EDBA440-414E-4AD1-AD1C-6931AECA14CB}.Release|Any CPU.Build.0 = Release|Any CPU
		{84CF5985-F6E3-44F9-9BC0-46D941F25272}.Debug|Any CPU.ActiveCfg = Debug|Any CPU
		{84CF5985-F6E3-44F9-9BC0-46D941F25272}.Debug|Any CPU.Build.0 = Debug|Any CPU
		{84CF5985-F6E3-44F9-9BC0-46D941F25272}.Release|Any CPU.ActiveCfg = Release|Any CPU
		{84CF5985-F6E3-44F9-9BC0-46D941F25272}.Release|Any CPU.Build.0 = Release|Any CPU
		{C433001C-9F67-48FC-8B4F-1D3023042C2B}.Debug|Any CPU.ActiveCfg = Debug|Any CPU
		{C433001C-9F67-48FC-8B4F-1D3023042C2B}.Debug|Any CPU.Build.0 = Debug|Any CPU
		{C433001C-9F67-48FC-8B4F-1D3023042C2B}.Release|Any CPU.ActiveCfg = Release|Any CPU
		{C433001C-9F67-48FC-8B4F-1D3023042C2B}.Release|Any CPU.Build.0 = Release|Any CPU
	EndGlobalSection
	GlobalSection(SolutionProperties) = preSolution
		HideSolutionNode = FALSE
	EndGlobalSection
	GlobalSection(ExtensibilityGlobals) = postSolution
		SolutionGuid = {2DB6C0C7-DB82-48FF-BA1D-E05E73BC511C}
	EndGlobalSection
EndGlobal
